{
  "originHash" : "d8d3578ebda9dd48c17320e841492b4b8b85537aca70824a94f2d5e81e3c0ddf",
  "pins" : [
    {
      "identity" : "fmdb",
      "kind" : "remoteSourceControl",
      "location" : "https://github.com/ccgus/fmdb",
      "state" : {
        "revision" : "1227a3fa2b9916bfd75fe380eb45cd210e69e251",
        "version" : "2.7.12"
      }
    },
    {
      "identity" : "geomagnetism",
      "kind" : "remoteSourceControl",
      "location" : "https://github.com/roznet/Geomagnetism",
      "state" : {
        "revision" : "74049c87ab58b6e004342a64de2884c60b0c4734",
        "version" : "1.0.0"
      }
    },
    {
      "identity" : "kdtree",
      "kind" : "remoteSourceControl",
      "location" : "https://github.com/Bersaelor/KDTree.git",
      "state" : {
        "revision" : "35d14064d48d92a0c2c1215b93a3118f558b2e6b",
        "version" : "1.4.2"
      }
    },
    {
      "identity" : "rzflight",
      "kind" : "remoteSourceControl",
      "location" : "https://github.com/roznet/rzflight",
      "state" : {
        "branch" : "main",
        "revision" : "db9b0deb298f5b86d507ad31ad5d5edbfe4c1400"
      }
    },
    {
      "identity" : "rzskewt",
      "kind" : "remoteSourceControl",
      "location" : "https://github.com/roznet/rzskewt.git",
      "state" : {
        "branch" : "main",
        "revision" : "c7e7764e0a19f5967df58231c62ebb49f5a1f80d"
      }
    },
    {
      "identity" : "rzutils",
      "kind" : "remoteSourceControl",
      "location" : "https://github.com/roznet/rzutils",
      "state" : {
        "revision" : "4ddf6c0ae146b801b5fd62d1baed77caa7193c96",
        "version" : "1.0.29"
      }
    }
  ],
  "version" : 3
}
