{
  "originHash" : "f569aad69edf19916e3cd481f4681ce4385af3d4e3bd41408676cb44c896c04b",
  "pins" : [
    {
      "identity" : "flyfun-common",
      "kind" : "remoteSourceControl",
      "location" : "https://github.com/roznet/flyfun-common",
      "state" : {
        "branch" : "main",
        "revision" : "c823ae8af397dd1d053675a82f353de89329dd16"
      }
    },
    {
      "identity" : "fmdb",
      "kind" : "remoteSourceControl",
      "location" : "https://github.com/ccgus/fmdb",
      "state" : {
        "revision" : "1227a3fa2b9916bfd75fe380eb45cd210e69e251",
        "version" : "2.7.12"
      }
    },
    {
      "identity" : "geomagnetism",
      "kind" : "remoteSourceControl",
      "location" : "https://github.com/roznet/Geomagnetism",
      "state" : {
        "revision" : "74049c87ab58b6e004342a64de2884c60b0c4734",
        "version" : "1.0.0"
      }
    },
    {
      "identity" : "kdtree",
      "kind" : "remoteSourceControl",
      "location" : "https://github.com/Bersaelor/KDTree.git",
      "state" : {
        "revision" : "35d14064d48d92a0c2c1215b93a3118f558b2e6b",
        "version" : "1.4.2"
      }
    },
    {
      "identity" : "rzflight",
      "kind" : "remoteSourceControl",
      "location" : "https://github.com/roznet/rzflight",
      "state" : {
        "branch" : "main",
        "revision" : "4cd8e30567fa74ceb6387955433a2e75283843e4"
      }
    },
    {
      "identity" : "rzskewt",
      "kind" : "remoteSourceControl",
      "location" : "https://github.com/roznet/rzskewt.git",
      "state" : {
        "branch" : "main",
        "revision" : "c7e7764e0a19f5967df58231c62ebb49f5a1f80d"
      }
    },
    {
      "identity" : "rzutils",
      "kind" : "remoteSourceControl",
      "location" : "https://github.com/roznet/rzutils",
      "state" : {
        "revision" : "26465b73e220f1cfe77a6ac586d89ec73225d71a",
        "version" : "1.0.30"
      }
    }
  ],
  "version" : 3
}
